
Microsoft Visual Studio Solution File, Format Version 12.00
# Visual Studio Version 17
VisualStudioVersion = 17.1.32228.430
MinimumVisualStudioVersion = 10.0.40219.1
Project("{2150E333-8FDC-42A3-9474-1A3956D46DE8}") = "src", "src", "{27CF79C1-DD7C-4A24-B134-E4406CF3E85B}"
EndProject
Project("{2150E333-8FDC-42A3-9474-1A3956D46DE8}") = "CreationalPatterns", "CreationalPatterns", "{97305F71-1230-4F0F-8B4B-5C95208D6945}"
EndProject
Project("{9A19103F-16F7-4668-BE54-9A1E7A4F7556}") = "FactoryMethod", "src\CreationalPatterns\FactoryMethod\FactoryMethod.csproj", "{0E5C2271-61DC-4695-9CFE-30974D2A015F}"
EndProject
Project("{9A19103F-16F7-4668-BE54-9A1E7A4F7556}") = "AbstractFactory", "src\CreationalPatterns\AbstractFactory\AbstractFactory.csproj", "{222A6FEC-1462-4ECE-A5AA-A83E819B85DA}"
EndProject
Project("{9A19103F-16F7-4668-BE54-9A1E7A4F7556}") = "Singleton", "src\CreationalPatterns\Singleton\Singleton.csproj", "{717DEE37-3C99-47F7-BD20-6D2C3D3F2067}"
EndProject
Project("{9A19103F-16F7-4668-BE54-9A1E7A4F7556}") = "Prototype", "src\CreationalPatterns\Prototype\Prototype.csproj", "{AEE6249C-7C4A-40D9-920E-B9219299534B}"
EndProject
Project("{9A19103F-16F7-4668-BE54-9A1E7A4F7556}") = "Builder", "src\CreationalPatterns\Builder\Builder.csproj", "{021A9390-6DF6-44F5-A6FF-E2E0FF73C413}"
EndProject
Project("{2150E333-8FDC-42A3-9474-1A3956D46DE8}") = "BehavioralPatterns", "BehavioralPatterns", "{5C043BB5-60CA-4446-B3CB-9DC8E77F8D31}"
EndProject
Project("{9A19103F-16F7-4668-BE54-9A1E7A4F7556}") = "Strategy", "src\BehavioralPatterns\Strategy\Strategy.csproj", "{2F91B31A-02C2-4D9D-8BA0-8592C81E8874}"
EndProject
Project("{9A19103F-16F7-4668-BE54-9A1E7A4F7556}") = "Observer", "src\BehavioralPatterns\Observer\Observer.csproj", "{7E728D8C-745A-477B-A704-BB4A3029D980}"
EndProject
Project("{9A19103F-16F7-4668-BE54-9A1E7A4F7556}") = "Command", "src\BehavioralPatterns\Command\Command.csproj", "{EEDAA7F4-1870-4781-8CBA-0DA3DBC7FED3}"
EndProject
Project("{9A19103F-16F7-4668-BE54-9A1E7A4F7556}") = "TemplateMethod", "src\BehavioralPatterns\TemplateMethod\TemplateMethod.csproj", "{2FF601FB-D7D1-4423-B0CD-CF4640954BA1}"
EndProject
Project("{9A19103F-16F7-4668-BE54-9A1E7A4F7556}") = "Iterator", "src\BehavioralPatterns\Iterator\Iterator.csproj", "{9547C224-BAFF-4DAD-A2B4-B8A258BA976A}"
EndProject
Project("{9A19103F-16F7-4668-BE54-9A1E7A4F7556}") = "State", "src\BehavioralPatterns\State\State.csproj", "{E14134EB-36E2-4413-82BF-1E8814BF3D74}"
EndProject
Project("{9A19103F-16F7-4668-BE54-9A1E7A4F7556}") = "ChainOfResponsibility", "src\BehavioralPatterns\ChainOfResponsibility\ChainOfResponsibility.csproj", "{8DBFBFB7-000A-4EC3-9D1F-32EEF48245B7}"
EndProject
Project("{9A19103F-16F7-4668-BE54-9A1E7A4F7556}") = "Interpreter", "src\BehavioralPatterns\Interpreter\Interpreter.csproj", "{AD32C7D9-B86F-4D6E-B45C-D7B481FA5EE9}"
EndProject
Project("{9A19103F-16F7-4668-BE54-9A1E7A4F7556}") = "Mediator", "src\BehavioralPatterns\Mediator\Mediator.csproj", "{210F3950-AC47-4608-BAF2-49FE58F95741}"
EndProject
Project("{9A19103F-16F7-4668-BE54-9A1E7A4F7556}") = "Memento", "src\BehavioralPatterns\Memento\Memento.csproj", "{59C723C5-621F-4E6C-94BA-4A47B50F4264}"
EndProject
Project("{9A19103F-16F7-4668-BE54-9A1E7A4F7556}") = "Visitor", "src\BehavioralPatterns\Visitor\Visitor.csproj", "{4B01E653-7C98-4A70-ABC7-7A9ECBB12035}"
EndProject
Project("{2150E333-8FDC-42A3-9474-1A3956D46DE8}") = "StructuralPatterns", "StructuralPatterns", "{896A524F-C486-470D-8FBB-44DF1D2571AB}"
EndProject
Project("{FAE04EC0-301F-11D3-BF4B-00C04F79EFBC}") = "Decorator", "src\StructuralPatterns\Decorator\Decorator.csproj", "{C73960C7-54DB-4A37-960D-D7DF60C41D8F}"
EndProject
Project("{FAE04EC0-301F-11D3-BF4B-00C04F79EFBC}") = "Adapter", "src\StructuralPatterns\Adapter\Adapter.csproj", "{B256E250-2257-4CD6-A8D0-8F5AD1A76A2E}"
EndProject
Project("{FAE04EC0-301F-11D3-BF4B-00C04F79EFBC}") = "Facade", "src\StructuralPatterns\Facade\Facade.csproj", "{75C5D4DA-8DA3-4B05-931E-18B20521CA33}"
EndProject
Global
	GlobalSection(SolutionConfigurationPlatforms) = preSolution
		Debug|Any CPU = Debug|Any CPU
		Release|Any CPU = Release|Any CPU
	EndGlobalSection
	GlobalSection(ProjectConfigurationPlatforms) = postSolution
		{0E5C2271-61DC-4695-9CFE-30974D2A015F}.Debug|Any CPU.ActiveCfg = Debug|Any CPU
		{0E5C2271-61DC-4695-9CFE-30974D2A015F}.Debug|Any CPU.Build.0 = Debug|Any CPU
		{0E5C2271-61DC-4695-9CFE-30974D2A015F}.Release|Any CPU.ActiveCfg = Release|Any CPU
		{0E5C2271-61DC-4695-9CFE-30974D2A015F}.Release|Any CPU.Build.0 = Release|Any CPU
		{222A6FEC-1462-4ECE-A5AA-A83E819B85DA}.Debug|Any CPU.ActiveCfg = Debug|Any CPU
		{222A6FEC-1462-4ECE-A5AA-A83E819B85DA}.Debug|Any CPU.Build.0 = Debug|Any CPU
		{222A6FEC-1462-4ECE-A5AA-A83E819B85DA}.Release|Any CPU.ActiveCfg = Release|Any CPU
		{222A6FEC-1462-4ECE-A5AA-A83E819B85DA}.Release|Any CPU.Build.0 = Release|Any CPU
		{717DEE37-3C99-47F7-BD20-6D2C3D3F2067}.Debug|Any CPU.ActiveCfg = Debug|Any CPU
		{717DEE37-3C99-47F7-BD20-6D2C3D3F2067}.Debug|Any CPU.Build.0 = Debug|Any CPU
		{717DEE37-3C99-47F7-BD20-6D2C3D3F2067}.Release|Any CPU.ActiveCfg = Release|Any CPU
		{717DEE37-3C99-47F7-BD20-6D2C3D3F2067}.Release|Any CPU.Build.0 = Release|Any CPU
		{AEE6249C-7C4A-40D9-920E-B9219299534B}.Debug|Any CPU.ActiveCfg = Debug|Any CPU
		{AEE6249C-7C4A-40D9-920E-B9219299534B}.Debug|Any CPU.Build.0 = Debug|Any CPU
		{AEE6249C-7C4A-40D9-920E-B9219299534B}.Release|Any CPU.ActiveCfg = Release|Any CPU
		{AEE6249C-7C4A-40D9-920E-B9219299534B}.Release|Any CPU.Build.0 = Release|Any CPU
		{021A9390-6DF6-44F5-A6FF-E2E0FF73C413}.Debug|Any CPU.ActiveCfg = Debug|Any CPU
		{021A9390-6DF6-44F5-A6FF-E2E0FF73C413}.Debug|Any CPU.Build.0 = Debug|Any CPU
		{021A9390-6DF6-44F5-A6FF-E2E0FF73C413}.Release|Any CPU.ActiveCfg = Release|Any CPU
		{021A9390-6DF6-44F5-A6FF-E2E0FF73C413}.Release|Any CPU.Build.0 = Release|Any CPU
		{2F91B31A-02C2-4D9D-8BA0-8592C81E8874}.Debug|Any CPU.ActiveCfg = Debug|Any CPU
		{2F91B31A-02C2-4D9D-8BA0-8592C81E8874}.Debug|Any CPU.Build.0 = Debug|Any CPU
		{2F91B31A-02C2-4D9D-8BA0-8592C81E8874}.Release|Any CPU.ActiveCfg = Release|Any CPU
		{2F91B31A-02C2-4D9D-8BA0-8592C81E8874}.Release|Any CPU.Build.0 = Release|Any CPU
		{7E728D8C-745A-477B-A704-BB4A3029D980}.Debug|Any CPU.ActiveCfg = Debug|Any CPU
		{7E728D8C-745A-477B-A704-BB4A3029D980}.Debug|Any CPU.Build.0 = Debug|Any CPU
		{7E728D8C-745A-477B-A704-BB4A3029D980}.Release|Any CPU.ActiveCfg = Release|Any CPU
		{7E728D8C-745A-477B-A704-BB4A3029D980}.Release|Any CPU.Build.0 = Release|Any CPU
		{EEDAA7F4-1870-4781-8CBA-0DA3DBC7FED3}.Debug|Any CPU.ActiveCfg = Debug|Any CPU
		{EEDAA7F4-1870-4781-8CBA-0DA3DBC7FED3}.Debug|Any CPU.Build.0 = Debug|Any CPU
		{EEDAA7F4-1870-4781-8CBA-0DA3DBC7FED3}.Release|Any CPU.ActiveCfg = Release|Any CPU
		{EEDAA7F4-1870-4781-8CBA-0DA3DBC7FED3}.Release|Any CPU.Build.0 = Release|Any CPU
		{2FF601FB-D7D1-4423-B0CD-CF4640954BA1}.Debug|Any CPU.ActiveCfg = Debug|Any CPU
		{2FF601FB-D7D1-4423-B0CD-CF4640954BA1}.Debug|Any CPU.Build.0 = Debug|Any CPU
		{2FF601FB-D7D1-4423-B0CD-CF4640954BA1}.Release|Any CPU.ActiveCfg = Release|Any CPU
		{2FF601FB-D7D1-4423-B0CD-CF4640954BA1}.Release|Any CPU.Build.0 = Release|Any CPU
		{9547C224-BAFF-4DAD-A2B4-B8A258BA976A}.Debug|Any CPU.ActiveCfg = Debug|Any CPU
		{9547C224-BAFF-4DAD-A2B4-B8A258BA976A}.Debug|Any CPU.Build.0 = Debug|Any CPU
		{9547C224-BAFF-4DAD-A2B4-B8A258BA976A}.Release|Any CPU.ActiveCfg = Release|Any CPU
		{9547C224-BAFF-4DAD-A2B4-B8A258BA976A}.Release|Any CPU.Build.0 = Release|Any CPU
		{E14134EB-36E2-4413-82BF-1E8814BF3D74}.Debug|Any CPU.ActiveCfg = Debug|Any CPU
		{E14134EB-36E2-4413-82BF-1E8814BF3D74}.Debug|Any CPU.Build.0 = Debug|Any CPU
		{E14134EB-36E2-4413-82BF-1E8814BF3D74}.Release|Any CPU.ActiveCfg = Release|Any CPU
		{E14134EB-36E2-4413-82BF-1E8814BF3D74}.Release|Any CPU.Build.0 = Release|Any CPU
		{8DBFBFB7-000A-4EC3-9D1F-32EEF48245B7}.Debug|Any CPU.ActiveCfg = Debug|Any CPU
		{8DBFBFB7-000A-4EC3-9D1F-32EEF48245B7}.Debug|Any CPU.Build.0 = Debug|Any CPU
		{8DBFBFB7-000A-4EC3-9D1F-32EEF48245B7}.Release|Any CPU.ActiveCfg = Release|Any CPU
		{8DBFBFB7-000A-4EC3-9D1F-32EEF48245B7}.Release|Any CPU.Build.0 = Release|Any CPU
		{AD32C7D9-B86F-4D6E-B45C-D7B481FA5EE9}.Debug|Any CPU.ActiveCfg = Debug|Any CPU
		{AD32C7D9-B86F-4D6E-B45C-D7B481FA5EE9}.Debug|Any CPU.Build.0 = Debug|Any CPU
		{AD32C7D9-B86F-4D6E-B45C-D7B481FA5EE9}.Release|Any CPU.ActiveCfg = Release|Any CPU
		{AD32C7D9-B86F-4D6E-B45C-D7B481FA5EE9}.Release|Any CPU.Build.0 = Release|Any CPU
		{210F3950-AC47-4608-BAF2-49FE58F95741}.Debug|Any CPU.ActiveCfg = Debug|Any CPU
		{210F3950-AC47-4608-BAF2-49FE58F95741}.Debug|Any CPU.Build.0 = Debug|Any CPU
		{210F3950-AC47-4608-BAF2-49FE58F95741}.Release|Any CPU.ActiveCfg = Release|Any CPU
		{210F3950-AC47-4608-BAF2-49FE58F95741}.Release|Any CPU.Build.0 = Release|Any CPU
		{59C723C5-621F-4E6C-94BA-4A47B50F4264}.Debug|Any CPU.ActiveCfg = Debug|Any CPU
		{59C723C5-621F-4E6C-94BA-4A47B50F4264}.Debug|Any CPU.Build.0 = Debug|Any CPU
		{59C723C5-621F-4E6C-94BA-4A47B50F4264}.Release|Any CPU.ActiveCfg = Release|Any CPU
		{59C723C5-621F-4E6C-94BA-4A47B50F4264}.Release|Any CPU.Build.0 = Release|Any CPU
		{4B01E653-7C98-4A70-ABC7-7A9ECBB12035}.Debug|Any CPU.ActiveCfg = Debug|Any CPU
		{4B01E653-7C98-4A70-ABC7-7A9ECBB12035}.Debug|Any CPU.Build.0 = Debug|Any CPU
		{4B01E653-7C98-4A70-ABC7-7A9ECBB12035}.Release|Any CPU.ActiveCfg = Release|Any CPU
		{4B01E653-7C98-4A70-ABC7-7A9ECBB12035}.Release|Any CPU.Build.0 = Release|Any CPU
		{C73960C7-54DB-4A37-960D-D7DF60C41D8F}.Debug|Any CPU.ActiveCfg = Debug|Any CPU
		{C73960C7-54DB-4A37-960D-D7DF60C41D8F}.Debug|Any CPU.Build.0 = Debug|Any CPU
		{C73960C7-54DB-4A37-960D-D7DF60C41D8F}.Release|Any CPU.ActiveCfg = Release|Any CPU
		{C73960C7-54DB-4A37-960D-D7DF60C41D8F}.Release|Any CPU.Build.0 = Release|Any CPU
		{B256E250-2257-4CD6-A8D0-8F5AD1A76A2E}.Debug|Any CPU.ActiveCfg = Debug|Any CPU
		{B256E250-2257-4CD6-A8D0-8F5AD1A76A2E}.Debug|Any CPU.Build.0 = Debug|Any CPU
		{B256E250-2257-4CD6-A8D0-8F5AD1A76A2E}.Release|Any CPU.ActiveCfg = Release|Any CPU
		{B256E250-2257-4CD6-A8D0-8F5AD1A76A2E}.Release|Any CPU.Build.0 = Release|Any CPU
		{75C5D4DA-8DA3-4B05-931E-18B20521CA33}.Debug|Any CPU.ActiveCfg = Debug|Any CPU
		{75C5D4DA-8DA3-4B05-931E-18B20521CA33}.Debug|Any CPU.Build.0 = Debug|Any CPU
		{75C5D4DA-8DA3-4B05-931E-18B20521CA33}.Release|Any CPU.ActiveCfg = Release|Any CPU
		{75C5D4DA-8DA3-4B05-931E-18B20521CA33}.Release|Any CPU.Build.0 = Release|Any CPU
	EndGlobalSection
	GlobalSection(SolutionProperties) = preSolution
		HideSolutionNode = FALSE
	EndGlobalSection
	GlobalSection(NestedProjects) = preSolution
		{97305F71-1230-4F0F-8B4B-5C95208D6945} = {27CF79C1-DD7C-4A24-B134-E4406CF3E85B}
		{0E5C2271-61DC-4695-9CFE-30974D2A015F} = {97305F71-1230-4F0F-8B4B-5C95208D6945}
		{222A6FEC-1462-4ECE-A5AA-A83E819B85DA} = {97305F71-1230-4F0F-8B4B-5C95208D6945}
		{717DEE37-3C99-47F7-BD20-6D2C3D3F2067} = {97305F71-1230-4F0F-8B4B-5C95208D6945}
		{AEE6249C-7C4A-40D9-920E-B9219299534B} = {97305F71-1230-4F0F-8B4B-5C95208D6945}
		{021A9390-6DF6-44F5-A6FF-E2E0FF73C413} = {97305F71-1230-4F0F-8B4B-5C95208D6945}
		{5C043BB5-60CA-4446-B3CB-9DC8E77F8D31} = {27CF79C1-DD7C-4A24-B134-E4406CF3E85B}
		{2F91B31A-02C2-4D9D-8BA0-8592C81E8874} = {5C043BB5-60CA-4446-B3CB-9DC8E77F8D31}
		{7E728D8C-745A-477B-A704-BB4A3029D980} = {5C043BB5-60CA-4446-B3CB-9DC8E77F8D31}
		{EEDAA7F4-1870-4781-8CBA-0DA3DBC7FED3} = {5C043BB5-60CA-4446-B3CB-9DC8E77F8D31}
		{2FF601FB-D7D1-4423-B0CD-CF4640954BA1} = {5C043BB5-60CA-4446-B3CB-9DC8E77F8D31}
		{9547C224-BAFF-4DAD-A2B4-B8A258BA976A} = {5C043BB5-60CA-4446-B3CB-9DC8E77F8D31}
		{E14134EB-36E2-4413-82BF-1E8814BF3D74} = {5C043BB5-60CA-4446-B3CB-9DC8E77F8D31}
		{8DBFBFB7-000A-4EC3-9D1F-32EEF48245B7} = {5C043BB5-60CA-4446-B3CB-9DC8E77F8D31}
		{AD32C7D9-B86F-4D6E-B45C-D7B481FA5EE9} = {5C043BB5-60CA-4446-B3CB-9DC8E77F8D31}
		{210F3950-AC47-4608-BAF2-49FE58F95741} = {5C043BB5-60CA-4446-B3CB-9DC8E77F8D31}
		{59C723C5-621F-4E6C-94BA-4A47B50F4264} = {5C043BB5-60CA-4446-B3CB-9DC8E77F8D31}
		{4B01E653-7C98-4A70-ABC7-7A9ECBB12035} = {5C043BB5-60CA-4446-B3CB-9DC8E77F8D31}
		{896A524F-C486-470D-8FBB-44DF1D2571AB} = {27CF79C1-DD7C-4A24-B134-E4406CF3E85B}
		{C73960C7-54DB-4A37-960D-D7DF60C41D8F} = {896A524F-C486-470D-8FBB-44DF1D2571AB}
		{B256E250-2257-4CD6-A8D0-8F5AD1A76A2E} = {896A524F-C486-470D-8FBB-44DF1D2571AB}
		{75C5D4DA-8DA3-4B05-931E-18B20521CA33} = {896A524F-C486-470D-8FBB-44DF1D2571AB}
	EndGlobalSection
	GlobalSection(ExtensibilityGlobals) = postSolution
		SolutionGuid = {38D68136-254D-4D0E-8CAF-1121952DA51F}
	EndGlobalSection
EndGlobal
