
Microsoft Visual Studio Solution File, Format Version 12.00
# Visual Studio Version 17
VisualStudioVersion = 17.1.32228.430
MinimumVisualStudioVersion = 10.0.40219.1
Project("{2150E333-8FDC-42A3-9474-1A3956D46DE8}") = "src", "src", "{27CF79C1-DD7C-4A24-B134-E4406CF3E85B}"
EndProject
Project("{2150E333-8FDC-42A3-9474-1A3956D46DE8}") = "CreationalPatterns", "CreationalPatterns", "{97305F71-1230-4F0F-8B4B-5C95208D6945}"
EndProject
Project("{9A19103F-16F7-4668-BE54-9A1E7A4F7556}") = "FactoryMethod", "src\CreationalPatterns\FactoryMethod\FactoryMethod.csproj", "{0E5C2271-61DC-4695-9CFE-30974D2A015F}"
EndProject
Project("{9A19103F-16F7-4668-BE54-9A1E7A4F7556}") = "AbstractFactory", "src\CreationalPatterns\AbstractFactory\AbstractFactory.csproj", "{222A6FEC-1462-4ECE-A5AA-A83E819B85DA}"
EndProject
Project("{9A19103F-16F7-4668-BE54-9A1E7A4F7556}") = "Singleton", "src\CreationalPatterns\Singleton\Singleton.csproj", "{717DEE37-3C99-47F7-BD20-6D2C3D3F2067}"
EndProject
Project("{9A19103F-16F7-4668-BE54-9A1E7A4F7556}") = "Prototype", "src\CreationalPatterns\Prototype\Prototype.csproj", "{AEE6249C-7C4A-40D9-920E-B9219299534B}"
EndProject
Project("{9A19103F-16F7-4668-BE54-9A1E7A4F7556}") = "Builder", "src\CreationalPatterns\Builder\Builder.csproj", "{021A9390-6DF6-44F5-A6FF-E2E0FF73C413}"
EndProject
Project("{2150E333-8FDC-42A3-9474-1A3956D46DE8}") = "BehavioralPatterns", "BehavioralPatterns", "{5C043BB5-60CA-4446-B3CB-9DC8E77F8D31}"
EndProject
Project("{9A19103F-16F7-4668-BE54-9A1E7A4F7556}") = "Strategy", "src\BehavioralPatterns\Strategy\Strategy.csproj", "{2F91B31A-02C2-4D9D-8BA0-8592C81E8874}"
EndProject
Project("{FAE04EC0-301F-11D3-BF4B-00C04F79EFBC}") = "Observer", "src\BehavioralPatterns\Observer\Observer.csproj", "{7E728D8C-745A-477B-A704-BB4A3029D980}"
EndProject
Global
	GlobalSection(SolutionConfigurationPlatforms) = preSolution
		Debug|Any CPU = Debug|Any CPU
		Release|Any CPU = Release|Any CPU
	EndGlobalSection
	GlobalSection(ProjectConfigurationPlatforms) = postSolution
		{0E5C2271-61DC-4695-9CFE-30974D2A015F}.Debug|Any CPU.ActiveCfg = Debug|Any CPU
		{0E5C2271-61DC-4695-9CFE-30974D2A015F}.Debug|Any CPU.Build.0 = Debug|Any CPU
		{0E5C2271-61DC-4695-9CFE-30974D2A015F}.Release|Any CPU.ActiveCfg = Release|Any CPU
		{0E5C2271-61DC-4695-9CFE-30974D2A015F}.Release|Any CPU.Build.0 = Release|Any CPU
		{222A6FEC-1462-4ECE-A5AA-A83E819B85DA}.Debug|Any CPU.ActiveCfg = Debug|Any CPU
		{222A6FEC-1462-4ECE-A5AA-A83E819B85DA}.Debug|Any CPU.Build.0 = Debug|Any CPU
		{222A6FEC-1462-4ECE-A5AA-A83E819B85DA}.Release|Any CPU.ActiveCfg = Release|Any CPU
		{222A6FEC-1462-4ECE-A5AA-A83E819B85DA}.Release|Any CPU.Build.0 = Release|Any CPU
		{717DEE37-3C99-47F7-BD20-6D2C3D3F2067}.Debug|Any CPU.ActiveCfg = Debug|Any CPU
		{717DEE37-3C99-47F7-BD20-6D2C3D3F2067}.Debug|Any CPU.Build.0 = Debug|Any CPU
		{717DEE37-3C99-47F7-BD20-6D2C3D3F2067}.Release|Any CPU.ActiveCfg = Release|Any CPU
		{717DEE37-3C99-47F7-BD20-6D2C3D3F2067}.Release|Any CPU.Build.0 = Release|Any CPU
		{AEE6249C-7C4A-40D9-920E-B9219299534B}.Debug|Any CPU.ActiveCfg = Debug|Any CPU
		{AEE6249C-7C4A-40D9-920E-B9219299534B}.Debug|Any CPU.Build.0 = Debug|Any CPU
		{AEE6249C-7C4A-40D9-920E-B9219299534B}.Release|Any CPU.ActiveCfg = Release|Any CPU
		{AEE6249C-7C4A-40D9-920E-B9219299534B}.Release|Any CPU.Build.0 = Release|Any CPU
		{021A9390-6DF6-44F5-A6FF-E2E0FF73C413}.Debug|Any CPU.ActiveCfg = Debug|Any CPU
		{021A9390-6DF6-44F5-A6FF-E2E0FF73C413}.Debug|Any CPU.Build.0 = Debug|Any CPU
		{021A9390-6DF6-44F5-A6FF-E2E0FF73C413}.Release|Any CPU.ActiveCfg = Release|Any CPU
		{021A9390-6DF6-44F5-A6FF-E2E0FF73C413}.Release|Any CPU.Build.0 = Release|Any CPU
		{2F91B31A-02C2-4D9D-8BA0-8592C81E8874}.Debug|Any CPU.ActiveCfg = Debug|Any CPU
		{2F91B31A-02C2-4D9D-8BA0-8592C81E8874}.Debug|Any CPU.Build.0 = Debug|Any CPU
		{2F91B31A-02C2-4D9D-8BA0-8592C81E8874}.Release|Any CPU.ActiveCfg = Release|Any CPU
		{2F91B31A-02C2-4D9D-8BA0-8592C81E8874}.Release|Any CPU.Build.0 = Release|Any CPU
		{7E728D8C-745A-477B-A704-BB4A3029D980}.Debug|Any CPU.ActiveCfg = Debug|Any CPU
		{7E728D8C-745A-477B-A704-BB4A3029D980}.Debug|Any CPU.Build.0 = Debug|Any CPU
		{7E728D8C-745A-477B-A704-BB4A3029D980}.Release|Any CPU.ActiveCfg = Release|Any CPU
		{7E728D8C-745A-477B-A704-BB4A3029D980}.Release|Any CPU.Build.0 = Release|Any CPU
	EndGlobalSection
	GlobalSection(SolutionProperties) = preSolution
		HideSolutionNode = FALSE
	EndGlobalSection
	GlobalSection(NestedProjects) = preSolution
		{97305F71-1230-4F0F-8B4B-5C95208D6945} = {27CF79C1-DD7C-4A24-B134-E4406CF3E85B}
		{0E5C2271-61DC-4695-9CFE-30974D2A015F} = {97305F71-1230-4F0F-8B4B-5C95208D6945}
		{222A6FEC-1462-4ECE-A5AA-A83E819B85DA} = {97305F71-1230-4F0F-8B4B-5C95208D6945}
		{717DEE37-3C99-47F7-BD20-6D2C3D3F2067} = {97305F71-1230-4F0F-8B4B-5C95208D6945}
		{AEE6249C-7C4A-40D9-920E-B9219299534B} = {97305F71-1230-4F0F-8B4B-5C95208D6945}
		{021A9390-6DF6-44F5-A6FF-E2E0FF73C413} = {97305F71-1230-4F0F-8B4B-5C95208D6945}
		{5C043BB5-60CA-4446-B3CB-9DC8E77F8D31} = {27CF79C1-DD7C-4A24-B134-E4406CF3E85B}
		{2F91B31A-02C2-4D9D-8BA0-8592C81E8874} = {5C043BB5-60CA-4446-B3CB-9DC8E77F8D31}
		{7E728D8C-745A-477B-A704-BB4A3029D980} = {5C043BB5-60CA-4446-B3CB-9DC8E77F8D31}
	EndGlobalSection
	GlobalSection(ExtensibilityGlobals) = postSolution
		SolutionGuid = {38D68136-254D-4D0E-8CAF-1121952DA51F}
	EndGlobalSection
EndGlobal
